speakeasyVersion: 1.790.3
sources:
    Conduct an audit:
        sourceNamespace: conduct-an-audit
        sourceRevisionDigest: sha256:2fc42a7684217fd600a435c1cb2f8f35d765493aad8576b7e8ba79c959a19797
        sourceBlobDigest: sha256:bd7f3a4bdab8bbfabdf4026c35a96f212263f092768381fafa74e5f17a26fded
        tags:
            - latest
            - 1.0.0
targets:
    vanta:
        source: Conduct an audit
        sourceNamespace: conduct-an-audit
        sourceRevisionDigest: sha256:2fc42a7684217fd600a435c1cb2f8f35d765493aad8576b7e8ba79c959a19797
        sourceBlobDigest: sha256:bd7f3a4bdab8bbfabdf4026c35a96f212263f092768381fafa74e5f17a26fded
        codeSamplesNamespace: conduct-an-audit-typescript-code-samples
        codeSamplesRevisionDigest: sha256:0f46eb9922522c8516af1f0a15af251eb3afe96f7d2f6b9549316382fee48b6f
workflow:
    workflowVersion: 1.0.0
    speakeasyVersion: latest
    sources:
        Conduct an audit:
            inputs:
                - location: https://vanta.mintlify.app/reference/auditor-api.json
            overlays:
                - location: .speakeasy/speakeasy-modifications-overlay.yaml
            registry:
                location: registry.speakeasyapi.dev/vanta/vanta/conduct-an-audit
    targets:
        vanta:
            target: typescript
            source: Conduct an audit
            publish:
                npm:
                    token: $npm_token
            codeSamples:
                registry:
                    location: registry.speakeasyapi.dev/vanta/vanta/conduct-an-audit-typescript-code-samples
                blocking: false
