speakeasyVersion: 1.774.0
sources:
    Conduct an audit:
        sourceNamespace: conduct-an-audit
        sourceRevisionDigest: sha256:921c80e838eb87559d44fd2df452d1eff885a27ba61d1a10b6ffdad439941adf
        sourceBlobDigest: sha256:21e99b7f10249f560d9b381a8adf35e25f395e2a87c22eca44fe12cb69bf45ea
        tags:
            - latest
            - 1.0.0
targets:
    vanta:
        source: Conduct an audit
        sourceNamespace: conduct-an-audit
        sourceRevisionDigest: sha256:921c80e838eb87559d44fd2df452d1eff885a27ba61d1a10b6ffdad439941adf
        sourceBlobDigest: sha256:21e99b7f10249f560d9b381a8adf35e25f395e2a87c22eca44fe12cb69bf45ea
        codeSamplesNamespace: conduct-an-audit-typescript-code-samples
        codeSamplesRevisionDigest: sha256:2e249ac7b4ed94d4da1173b030cd7c7f3068c7cb213952f0ade5d82247e58e32
workflow:
    workflowVersion: 1.0.0
    speakeasyVersion: latest
    sources:
        Conduct an audit:
            inputs:
                - location: https://vanta.mintlify.app/reference/auditor-api.json
            overlays:
                - location: .speakeasy/speakeasy-modifications-overlay.yaml
            registry:
                location: registry.speakeasyapi.dev/vanta/vanta/conduct-an-audit
    targets:
        vanta:
            target: typescript
            source: Conduct an audit
            publish:
                npm:
                    token: $npm_token
            codeSamples:
                registry:
                    location: registry.speakeasyapi.dev/vanta/vanta/conduct-an-audit-typescript-code-samples
                blocking: false
