speakeasyVersion: 1.799.0
sources:
    Conduct an audit:
        sourceNamespace: conduct-an-audit
        sourceRevisionDigest: sha256:8d6603a5db33433f34bbaea1855433a9691b3453e2c30550052a0aaf09f6284b
        sourceBlobDigest: sha256:3b73f15108fbdeb7e13dfc821197096586ae6996cfa0d95d2b929cdb267e9520
        tags:
            - latest
            - 1.0.0
targets:
    vanta:
        source: Conduct an audit
        sourceNamespace: conduct-an-audit
        sourceRevisionDigest: sha256:8d6603a5db33433f34bbaea1855433a9691b3453e2c30550052a0aaf09f6284b
        sourceBlobDigest: sha256:3b73f15108fbdeb7e13dfc821197096586ae6996cfa0d95d2b929cdb267e9520
        codeSamplesNamespace: conduct-an-audit-typescript-code-samples
        codeSamplesRevisionDigest: sha256:8188192b2b1fb20b54d627e07ebaa0d609b9c32e29fed90d9420830765ebc8c3
workflow:
    workflowVersion: 1.0.0
    speakeasyVersion: latest
    sources:
        Conduct an audit:
            inputs:
                - location: https://vanta.mintlify.app/reference/auditor-api.json
            overlays:
                - location: .speakeasy/speakeasy-modifications-overlay.yaml
            registry:
                location: registry.speakeasyapi.dev/vanta/vanta/conduct-an-audit
    targets:
        vanta:
            target: typescript
            source: Conduct an audit
            publish:
                npm:
                    token: $npm_token
            codeSamples:
                registry:
                    location: registry.speakeasyapi.dev/vanta/vanta/conduct-an-audit-typescript-code-samples
                blocking: false
